
Microsoft Visual Studio Solution File, Format Version 12.00
Project("{FAE04EC0-301F-11D3-BF4B-00C04F79EFBC}") = "GrpcService", "GrpcService\GrpcService.csproj", "{C1FBB306-46DD-48DC-B676-7354A3912CD8}"
EndProject
Project("{FAE04EC0-301F-11D3-BF4B-00C04F79EFBC}") = "GrpcClient", "GrpcClient\GrpcClient.csproj", "{88151028-9D36-4FB5-B711-086BF2F2A34A}"
EndProject
Global
	GlobalSection(SolutionConfigurationPlatforms) = preSolution
		Debug|Any CPU = Debug|Any CPU
		Release|Any CPU = Release|Any CPU
	EndGlobalSection
	GlobalSection(ProjectConfigurationPlatforms) = postSolution
		{C1FBB306-46DD-48DC-B676-7354A3912CD8}.Debug|Any CPU.ActiveCfg = Debug|Any CPU
		{C1FBB306-46DD-48DC-B676-7354A3912CD8}.Debug|Any CPU.Build.0 = Debug|Any CPU
		{C1FBB306-46DD-48DC-B676-7354A3912CD8}.Release|Any CPU.ActiveCfg = Release|Any CPU
		{C1FBB306-46DD-48DC-B676-7354A3912CD8}.Release|Any CPU.Build.0 = Release|Any CPU
		{88151028-9D36-4FB5-B711-086BF2F2A34A}.Debug|Any CPU.ActiveCfg = Debug|Any CPU
		{88151028-9D36-4FB5-B711-086BF2F2A34A}.Debug|Any CPU.Build.0 = Debug|Any CPU
		{88151028-9D36-4FB5-B711-086BF2F2A34A}.Release|Any CPU.ActiveCfg = Release|Any CPU
		{88151028-9D36-4FB5-B711-086BF2F2A34A}.Release|Any CPU.Build.0 = Release|Any CPU
	EndGlobalSection
EndGlobal
